
Microsoft Visual Studio Solution File, Format Version 12.00
# Visual Studio 2013
VisualStudioVersion = 12.0.31101.0
MinimumVisualStudioVersion = 10.0.40219.1
Project("{FAE04EC0-301F-11D3-BF4B-00C04F79EFBC}") = "Miscelanea", "StringIssues\Miscelanea.csproj", "{636B745D-4298-4162-BC6E-1DC0DA4E53C5}"
EndProject
Project("{FAE04EC0-301F-11D3-BF4B-00C04F79EFBC}") = "Exceptions", "Exceptions\Exceptions.csproj", "{8265AA6A-2C74-4F42-9E72-3FA6AA1BE5CB}"
EndProject
Project("{2150E333-8FDC-42A3-9474-1A3956D46DE8}") = "Top10", "Top10", "{B7E2EE9F-597A-4E04-A582-37E47EE67CBD}"
EndProject
Project("{FAE04EC0-301F-11D3-BF4B-00C04F79EFBC}") = "PatternFetish", "PatternFetish\PatternFetish.csproj", "{ED2B7C9B-7105-4B15-A083-45A5A960077A}"
EndProject
Project("{FAE04EC0-301F-11D3-BF4B-00C04F79EFBC}") = "EnterpriseLevelSort", "EnterpriseLevelSort\EnterpriseLevelSort.csproj", "{FE37F193-6702-4E40-8B46-1ED940251F0F}"
EndProject
Project("{FAE04EC0-301F-11D3-BF4B-00C04F79EFBC}") = "ApocalypseReady", "ApocalypseReady\ApocalypseReady.csproj", "{78D10988-7B6E-4998-AE93-9D8938620428}"
EndProject
Project("{FAE04EC0-301F-11D3-BF4B-00C04F79EFBC}") = "GodClass", "GodClass\GodClass.csproj", "{35D3C978-3E37-46CD-8661-0B44C19529E2}"
EndProject
Project("{FAE04EC0-301F-11D3-BF4B-00C04F79EFBC}") = "ObjectOrgy", "ObjectOrgy\ObjectOrgy.csproj", "{02F2C31F-469D-46FA-A11E-775A7144AFD2}"
EndProject
Project("{FAE04EC0-301F-11D3-BF4B-00C04F79EFBC}") = "DataBuffet", "DataBuffet\DataBuffet.csproj", "{8B83C218-ED55-483D-B494-D9B00C07D3EC}"
EndProject
Project("{FAE04EC0-301F-11D3-BF4B-00C04F79EFBC}") = "Spaghetti", "Spaghetti\Spaghetti.csproj", "{CF0434EE-C5FF-49A1-AC64-C5162113AB5D}"
EndProject
Project("{F184B08F-C81C-45F6-A57F-5ABD9991F28F}") = "ReinventingTheWheel", "ReinventingTheWheel\ReinventingTheWheel.vbproj", "{B05F0BDF-86EB-4BD1-9204-D8996F68A391}"
EndProject
Global
	GlobalSection(SolutionConfigurationPlatforms) = preSolution
		Debug|Any CPU = Debug|Any CPU
		Release|Any CPU = Release|Any CPU
	EndGlobalSection
	GlobalSection(ProjectConfigurationPlatforms) = postSolution
		{636B745D-4298-4162-BC6E-1DC0DA4E53C5}.Debug|Any CPU.ActiveCfg = Debug|Any CPU
		{636B745D-4298-4162-BC6E-1DC0DA4E53C5}.Debug|Any CPU.Build.0 = Debug|Any CPU
		{636B745D-4298-4162-BC6E-1DC0DA4E53C5}.Release|Any CPU.ActiveCfg = Release|Any CPU
		{636B745D-4298-4162-BC6E-1DC0DA4E53C5}.Release|Any CPU.Build.0 = Release|Any CPU
		{8265AA6A-2C74-4F42-9E72-3FA6AA1BE5CB}.Debug|Any CPU.ActiveCfg = Debug|Any CPU
		{8265AA6A-2C74-4F42-9E72-3FA6AA1BE5CB}.Debug|Any CPU.Build.0 = Debug|Any CPU
		{8265AA6A-2C74-4F42-9E72-3FA6AA1BE5CB}.Release|Any CPU.ActiveCfg = Release|Any CPU
		{8265AA6A-2C74-4F42-9E72-3FA6AA1BE5CB}.Release|Any CPU.Build.0 = Release|Any CPU
		{ED2B7C9B-7105-4B15-A083-45A5A960077A}.Debug|Any CPU.ActiveCfg = Debug|Any CPU
		{ED2B7C9B-7105-4B15-A083-45A5A960077A}.Debug|Any CPU.Build.0 = Debug|Any CPU
		{ED2B7C9B-7105-4B15-A083-45A5A960077A}.Release|Any CPU.ActiveCfg = Release|Any CPU
		{ED2B7C9B-7105-4B15-A083-45A5A960077A}.Release|Any CPU.Build.0 = Release|Any CPU
		{FE37F193-6702-4E40-8B46-1ED940251F0F}.Debug|Any CPU.ActiveCfg = Debug|Any CPU
		{FE37F193-6702-4E40-8B46-1ED940251F0F}.Debug|Any CPU.Build.0 = Debug|Any CPU
		{FE37F193-6702-4E40-8B46-1ED940251F0F}.Release|Any CPU.ActiveCfg = Release|Any CPU
		{FE37F193-6702-4E40-8B46-1ED940251F0F}.Release|Any CPU.Build.0 = Release|Any CPU
		{78D10988-7B6E-4998-AE93-9D8938620428}.Debug|Any CPU.ActiveCfg = Debug|Any CPU
		{78D10988-7B6E-4998-AE93-9D8938620428}.Debug|Any CPU.Build.0 = Debug|Any CPU
		{78D10988-7B6E-4998-AE93-9D8938620428}.Release|Any CPU.ActiveCfg = Release|Any CPU
		{78D10988-7B6E-4998-AE93-9D8938620428}.Release|Any CPU.Build.0 = Release|Any CPU
		{35D3C978-3E37-46CD-8661-0B44C19529E2}.Debug|Any CPU.ActiveCfg = Debug|Any CPU
		{35D3C978-3E37-46CD-8661-0B44C19529E2}.Debug|Any CPU.Build.0 = Debug|Any CPU
		{35D3C978-3E37-46CD-8661-0B44C19529E2}.Release|Any CPU.ActiveCfg = Release|Any CPU
		{35D3C978-3E37-46CD-8661-0B44C19529E2}.Release|Any CPU.Build.0 = Release|Any CPU
		{02F2C31F-469D-46FA-A11E-775A7144AFD2}.Debug|Any CPU.ActiveCfg = Debug|Any CPU
		{02F2C31F-469D-46FA-A11E-775A7144AFD2}.Debug|Any CPU.Build.0 = Debug|Any CPU
		{02F2C31F-469D-46FA-A11E-775A7144AFD2}.Release|Any CPU.ActiveCfg = Release|Any CPU
		{02F2C31F-469D-46FA-A11E-775A7144AFD2}.Release|Any CPU.Build.0 = Release|Any CPU
		{8B83C218-ED55-483D-B494-D9B00C07D3EC}.Debug|Any CPU.ActiveCfg = Debug|Any CPU
		{8B83C218-ED55-483D-B494-D9B00C07D3EC}.Debug|Any CPU.Build.0 = Debug|Any CPU
		{8B83C218-ED55-483D-B494-D9B00C07D3EC}.Release|Any CPU.ActiveCfg = Release|Any CPU
		{8B83C218-ED55-483D-B494-D9B00C07D3EC}.Release|Any CPU.Build.0 = Release|Any CPU
		{CF0434EE-C5FF-49A1-AC64-C5162113AB5D}.Debug|Any CPU.ActiveCfg = Debug|Any CPU
		{CF0434EE-C5FF-49A1-AC64-C5162113AB5D}.Debug|Any CPU.Build.0 = Debug|Any CPU
		{CF0434EE-C5FF-49A1-AC64-C5162113AB5D}.Release|Any CPU.ActiveCfg = Release|Any CPU
		{CF0434EE-C5FF-49A1-AC64-C5162113AB5D}.Release|Any CPU.Build.0 = Release|Any CPU
		{B05F0BDF-86EB-4BD1-9204-D8996F68A391}.Debug|Any CPU.ActiveCfg = Debug|Any CPU
		{B05F0BDF-86EB-4BD1-9204-D8996F68A391}.Debug|Any CPU.Build.0 = Debug|Any CPU
		{B05F0BDF-86EB-4BD1-9204-D8996F68A391}.Release|Any CPU.ActiveCfg = Release|Any CPU
		{B05F0BDF-86EB-4BD1-9204-D8996F68A391}.Release|Any CPU.Build.0 = Release|Any CPU
	EndGlobalSection
	GlobalSection(SolutionProperties) = preSolution
		HideSolutionNode = FALSE
	EndGlobalSection
	GlobalSection(NestedProjects) = preSolution
		{ED2B7C9B-7105-4B15-A083-45A5A960077A} = {B7E2EE9F-597A-4E04-A582-37E47EE67CBD}
		{FE37F193-6702-4E40-8B46-1ED940251F0F} = {B7E2EE9F-597A-4E04-A582-37E47EE67CBD}
		{78D10988-7B6E-4998-AE93-9D8938620428} = {B7E2EE9F-597A-4E04-A582-37E47EE67CBD}
		{35D3C978-3E37-46CD-8661-0B44C19529E2} = {B7E2EE9F-597A-4E04-A582-37E47EE67CBD}
		{02F2C31F-469D-46FA-A11E-775A7144AFD2} = {B7E2EE9F-597A-4E04-A582-37E47EE67CBD}
		{8B83C218-ED55-483D-B494-D9B00C07D3EC} = {B7E2EE9F-597A-4E04-A582-37E47EE67CBD}
		{CF0434EE-C5FF-49A1-AC64-C5162113AB5D} = {B7E2EE9F-597A-4E04-A582-37E47EE67CBD}
		{B05F0BDF-86EB-4BD1-9204-D8996F68A391} = {B7E2EE9F-597A-4E04-A582-37E47EE67CBD}
	EndGlobalSection
EndGlobal
